
Microsoft Visual Studio Solution File, Format Version 12.00
# Visual Studio Version 17
VisualStudioVersion = 17.10.34928.147
MinimumVisualStudioVersion = 10.0.40219.1
Project("{9A19103F-16F7-4668-BE54-9A1E7A4F7556}") = "ColorClickerApp", "ColorClickerApp.csproj", "{B3BD7F91-09BD-45D7-AAE0-D3ECD118FB2C}"
EndProject
Global
	GlobalSection(SolutionConfigurationPlatforms) = preSolution
		Debug|Any CPU = Debug|Any CPU
		Release|Any CPU = Release|Any CPU
	EndGlobalSection
	GlobalSection(ProjectConfigurationPlatforms) = postSolution
		{B3BD7F91-09BD-45D7-AAE0-D3ECD118FB2C}.Debug|Any CPU.ActiveCfg = Debug|Any CPU
		{B3BD7F91-09BD-45D7-AAE0-D3ECD118FB2C}.Debug|Any CPU.Build.0 = Debug|Any CPU
		{B3BD7F91-09BD-45D7-AAE0-D3ECD118FB2C}.Release|Any CPU.ActiveCfg = Release|Any CPU
		{B3BD7F91-09BD-45D7-AAE0-D3ECD118FB2C}.Release|Any CPU.Build.0 = Release|Any CPU
	EndGlobalSection
	GlobalSection(SolutionProperties) = preSolution
		HideSolutionNode = FALSE
	EndGlobalSection
	GlobalSection(ExtensibilityGlobals) = postSolution
		SolutionGuid = {F8CD453F-C6D4-412D-BF2C-DE2A49AAE4AD}
	EndGlobalSection
EndGlobal
